
Microsoft Visual Studio Solution File, Format Version 12.00
# Visual Studio Version 16
VisualStudioVersion = 16.0.29324.140
MinimumVisualStudioVersion = 10.0.40219.1
Project("{FAE04EC0-301F-11D3-BF4B-00C04F79EFBC}") = "ConsoleApp", "ConsoleApp\ConsoleApp.csproj", "{5D8968E5-AAED-487E-B55E-8C4BF940B124}"
EndProject
Project("{FAE04EC0-301F-11D3-BF4B-00C04F79EFBC}") = "AuctionPortal.DataAccessLayer.EntityFramework", "AuctionPortal.DataAccessLayer.EntityFramework\AuctionPortal.DataAccessLayer.EntityFramework.csproj", "{FCE43BF5-629B-4611-BE91-DADD96640BB2}"
EndProject
Project("{2150E333-8FDC-42A3-9474-1A3956D46DE8}") = "Infrastructure", "Infrastructure", "{88729768-4366-4EC6-A0C1-9EA445C6AC68}"
EndProject
Project("{FAE04EC0-301F-11D3-BF4B-00C04F79EFBC}") = "AuctionPortal.Infrastructure", "AuctionPortal.Infrastructure\AuctionPortal.Infrastructure.csproj", "{CAE37E38-92B9-4738-BBB5-6DDD3C7CD6DD}"
EndProject
Project("{FAE04EC0-301F-11D3-BF4B-00C04F79EFBC}") = "AuctionPortal.Infrastructure.EntityFramework", "AuctionPortal.Infrastructure.EntityFramework\AuctionPortal.Infrastructure.EntityFramework.csproj", "{1730B4F4-C350-495C-9E71-23FB769CB64E}"
EndProject
Project("{2150E333-8FDC-42A3-9474-1A3956D46DE8}") = "Tests", "Tests", "{D344EA7E-51D6-422D-9945-E01DACC30772}"
EndProject
Project("{FAE04EC0-301F-11D3-BF4B-00C04F79EFBC}") = "AuctionPortal.BusinessLayer", "AuctionPortal.BusinessLayer\AuctionPortal.BusinessLayer.csproj", "{7D7E88BC-C24A-406D-92F0-049BA7FF6F23}"
EndProject
Project("{FAE04EC0-301F-11D3-BF4B-00C04F79EFBC}") = "AuctionPortal.DataAccessLayer.EntityFramework.Tests", "AuctionPortal.DataAccessLayer.EntityFramework.Tests\AuctionPortal.DataAccessLayer.EntityFramework.Tests.csproj", "{C33D3D59-26A1-4A75-9A5C-76E196C72D47}"
EndProject
Global
	GlobalSection(SolutionConfigurationPlatforms) = preSolution
		Debug|Any CPU = Debug|Any CPU
		Release|Any CPU = Release|Any CPU
	EndGlobalSection
	GlobalSection(ProjectConfigurationPlatforms) = postSolution
		{5D8968E5-AAED-487E-B55E-8C4BF940B124}.Debug|Any CPU.ActiveCfg = Debug|Any CPU
		{5D8968E5-AAED-487E-B55E-8C4BF940B124}.Debug|Any CPU.Build.0 = Debug|Any CPU
		{5D8968E5-AAED-487E-B55E-8C4BF940B124}.Release|Any CPU.ActiveCfg = Release|Any CPU
		{5D8968E5-AAED-487E-B55E-8C4BF940B124}.Release|Any CPU.Build.0 = Release|Any CPU
		{FCE43BF5-629B-4611-BE91-DADD96640BB2}.Debug|Any CPU.ActiveCfg = Debug|Any CPU
		{FCE43BF5-629B-4611-BE91-DADD96640BB2}.Debug|Any CPU.Build.0 = Debug|Any CPU
		{FCE43BF5-629B-4611-BE91-DADD96640BB2}.Release|Any CPU.ActiveCfg = Release|Any CPU
		{FCE43BF5-629B-4611-BE91-DADD96640BB2}.Release|Any CPU.Build.0 = Release|Any CPU
		{CAE37E38-92B9-4738-BBB5-6DDD3C7CD6DD}.Debug|Any CPU.ActiveCfg = Debug|Any CPU
		{CAE37E38-92B9-4738-BBB5-6DDD3C7CD6DD}.Debug|Any CPU.Build.0 = Debug|Any CPU
		{CAE37E38-92B9-4738-BBB5-6DDD3C7CD6DD}.Release|Any CPU.ActiveCfg = Release|Any CPU
		{CAE37E38-92B9-4738-BBB5-6DDD3C7CD6DD}.Release|Any CPU.Build.0 = Release|Any CPU
		{1730B4F4-C350-495C-9E71-23FB769CB64E}.Debug|Any CPU.ActiveCfg = Debug|Any CPU
		{1730B4F4-C350-495C-9E71-23FB769CB64E}.Debug|Any CPU.Build.0 = Debug|Any CPU
		{1730B4F4-C350-495C-9E71-23FB769CB64E}.Release|Any CPU.ActiveCfg = Release|Any CPU
		{1730B4F4-C350-495C-9E71-23FB769CB64E}.Release|Any CPU.Build.0 = Release|Any CPU
		{7D7E88BC-C24A-406D-92F0-049BA7FF6F23}.Debug|Any CPU.ActiveCfg = Debug|Any CPU
		{7D7E88BC-C24A-406D-92F0-049BA7FF6F23}.Debug|Any CPU.Build.0 = Debug|Any CPU
		{7D7E88BC-C24A-406D-92F0-049BA7FF6F23}.Release|Any CPU.ActiveCfg = Release|Any CPU
		{7D7E88BC-C24A-406D-92F0-049BA7FF6F23}.Release|Any CPU.Build.0 = Release|Any CPU
		{C33D3D59-26A1-4A75-9A5C-76E196C72D47}.Debug|Any CPU.ActiveCfg = Debug|Any CPU
		{C33D3D59-26A1-4A75-9A5C-76E196C72D47}.Debug|Any CPU.Build.0 = Debug|Any CPU
		{C33D3D59-26A1-4A75-9A5C-76E196C72D47}.Release|Any CPU.ActiveCfg = Release|Any CPU
		{C33D3D59-26A1-4A75-9A5C-76E196C72D47}.Release|Any CPU.Build.0 = Release|Any CPU
	EndGlobalSection
	GlobalSection(SolutionProperties) = preSolution
		HideSolutionNode = FALSE
	EndGlobalSection
	GlobalSection(NestedProjects) = preSolution
		{CAE37E38-92B9-4738-BBB5-6DDD3C7CD6DD} = {88729768-4366-4EC6-A0C1-9EA445C6AC68}
		{1730B4F4-C350-495C-9E71-23FB769CB64E} = {88729768-4366-4EC6-A0C1-9EA445C6AC68}
		{C33D3D59-26A1-4A75-9A5C-76E196C72D47} = {D344EA7E-51D6-422D-9945-E01DACC30772}
	EndGlobalSection
	GlobalSection(ExtensibilityGlobals) = postSolution
		SolutionGuid = {FAA4D4DB-BCB9-4F5F-9517-1941593F11B0}
	EndGlobalSection
EndGlobal
